
Microsoft Visual Studio Solution File, Format Version 12.00
# Visual Studio Version 16
VisualStudioVersion = 16.0.30114.105
MinimumVisualStudioVersion = 10.0.40219.1
Project("{2150E333-8FDC-42A3-9474-1A3956D46DE8}") = "src", "src", "{C4BAE610-0841-4EE5-B57C-B78C5EC87F66}"
EndProject
Project("{FAE04EC0-301F-11D3-BF4B-00C04F79EFBC}") = "MiniBlog.Web", "src\Web\MiniBlog.Web.csproj", "{7F5972DC-5F52-48EB-A0F1-42761D7E28B9}"
EndProject
Project("{FAE04EC0-301F-11D3-BF4B-00C04F79EFBC}") = "MiniBlog.Infrastructure", "src\Infrastructure\MiniBlog.Infrastructure.csproj", "{BFD3A750-46A9-4B86-91DA-779DDE4600C2}"
EndProject
Project("{FAE04EC0-301F-11D3-BF4B-00C04F79EFBC}") = "MiniBlog.Core", "src\Core\MiniBlog.Core.csproj", "{A11C5B81-CDA3-4DC2-962D-4C3AA3ED47B4}"
EndProject
Project("{FAE04EC0-301F-11D3-BF4B-00C04F79EFBC}") = "MiniBlog.Tests", "tests\MiniBlog.Tests.csproj", "{C91C0BF6-1309-48A6-A047-AFE3361D5EE3}"
EndProject
Global
	GlobalSection(SolutionConfigurationPlatforms) = preSolution
		Debug|Any CPU = Debug|Any CPU
		Release|Any CPU = Release|Any CPU
	EndGlobalSection
	GlobalSection(SolutionProperties) = preSolution
		HideSolutionNode = FALSE
	EndGlobalSection
	GlobalSection(ProjectConfigurationPlatforms) = postSolution
		{7F5972DC-5F52-48EB-A0F1-42761D7E28B9}.Debug|Any CPU.ActiveCfg = Debug|Any CPU
		{7F5972DC-5F52-48EB-A0F1-42761D7E28B9}.Debug|Any CPU.Build.0 = Debug|Any CPU
		{7F5972DC-5F52-48EB-A0F1-42761D7E28B9}.Release|Any CPU.ActiveCfg = Release|Any CPU
		{7F5972DC-5F52-48EB-A0F1-42761D7E28B9}.Release|Any CPU.Build.0 = Release|Any CPU
		{BFD3A750-46A9-4B86-91DA-779DDE4600C2}.Debug|Any CPU.ActiveCfg = Debug|Any CPU
		{BFD3A750-46A9-4B86-91DA-779DDE4600C2}.Debug|Any CPU.Build.0 = Debug|Any CPU
		{BFD3A750-46A9-4B86-91DA-779DDE4600C2}.Release|Any CPU.ActiveCfg = Release|Any CPU
		{BFD3A750-46A9-4B86-91DA-779DDE4600C2}.Release|Any CPU.Build.0 = Release|Any CPU
		{A11C5B81-CDA3-4DC2-962D-4C3AA3ED47B4}.Debug|Any CPU.ActiveCfg = Debug|Any CPU
		{A11C5B81-CDA3-4DC2-962D-4C3AA3ED47B4}.Debug|Any CPU.Build.0 = Debug|Any CPU
		{A11C5B81-CDA3-4DC2-962D-4C3AA3ED47B4}.Release|Any CPU.ActiveCfg = Release|Any CPU
		{A11C5B81-CDA3-4DC2-962D-4C3AA3ED47B4}.Release|Any CPU.Build.0 = Release|Any CPU
		{C91C0BF6-1309-48A6-A047-AFE3361D5EE3}.Debug|Any CPU.ActiveCfg = Debug|Any CPU
		{C91C0BF6-1309-48A6-A047-AFE3361D5EE3}.Debug|Any CPU.Build.0 = Debug|Any CPU
		{C91C0BF6-1309-48A6-A047-AFE3361D5EE3}.Release|Any CPU.ActiveCfg = Release|Any CPU
		{C91C0BF6-1309-48A6-A047-AFE3361D5EE3}.Release|Any CPU.Build.0 = Release|Any CPU
	EndGlobalSection
	GlobalSection(NestedProjects) = preSolution
		{7F5972DC-5F52-48EB-A0F1-42761D7E28B9} = {C4BAE610-0841-4EE5-B57C-B78C5EC87F66}
		{BFD3A750-46A9-4B86-91DA-779DDE4600C2} = {C4BAE610-0841-4EE5-B57C-B78C5EC87F66}
		{A11C5B81-CDA3-4DC2-962D-4C3AA3ED47B4} = {C4BAE610-0841-4EE5-B57C-B78C5EC87F66}
	EndGlobalSection
EndGlobal
