
Microsoft Visual Studio Solution File, Format Version 12.00
# Visual Studio Version 17
VisualStudioVersion = 17.2.32505.173
MinimumVisualStudioVersion = 10.0.40219.1
Project("{2150E333-8FDC-42A3-9474-1A3956D46DE8}") = "src", "src", "{C4BAE610-0841-4EE5-B57C-B78C5EC87F66}"
	ProjectSection(SolutionItems) = preProject
		meta.txt = meta.txt
	EndProjectSection
EndProject
Project("{FAE04EC0-301F-11D3-BF4B-00C04F79EFBC}") = "Blog.Core", "Core\Blog.Core.csproj", "{CD736FBE-C6B4-4F31-8619-35837010CEEF}"
EndProject
Project("{FAE04EC0-301F-11D3-BF4B-00C04F79EFBC}") = "Blog.Application", "Application\Blog.Application.csproj", "{1C01B7B2-7D29-4D6C-9800-A87943DBD14F}"
EndProject
Global
	GlobalSection(SolutionConfigurationPlatforms) = preSolution
		Debug|Any CPU = Debug|Any CPU
		Release|Any CPU = Release|Any CPU
	EndGlobalSection
	GlobalSection(ProjectConfigurationPlatforms) = postSolution
		{CD736FBE-C6B4-4F31-8619-35837010CEEF}.Debug|Any CPU.ActiveCfg = Debug|Any CPU
		{CD736FBE-C6B4-4F31-8619-35837010CEEF}.Debug|Any CPU.Build.0 = Debug|Any CPU
		{CD736FBE-C6B4-4F31-8619-35837010CEEF}.Release|Any CPU.ActiveCfg = Release|Any CPU
		{CD736FBE-C6B4-4F31-8619-35837010CEEF}.Release|Any CPU.Build.0 = Release|Any CPU
		{1C01B7B2-7D29-4D6C-9800-A87943DBD14F}.Debug|Any CPU.ActiveCfg = Debug|Any CPU
		{1C01B7B2-7D29-4D6C-9800-A87943DBD14F}.Debug|Any CPU.Build.0 = Debug|Any CPU
		{1C01B7B2-7D29-4D6C-9800-A87943DBD14F}.Release|Any CPU.ActiveCfg = Release|Any CPU
		{1C01B7B2-7D29-4D6C-9800-A87943DBD14F}.Release|Any CPU.Build.0 = Release|Any CPU
	EndGlobalSection
	GlobalSection(SolutionProperties) = preSolution
		HideSolutionNode = FALSE
	EndGlobalSection
	GlobalSection(NestedProjects) = preSolution
		{CD736FBE-C6B4-4F31-8619-35837010CEEF} = {C4BAE610-0841-4EE5-B57C-B78C5EC87F66}
		{1C01B7B2-7D29-4D6C-9800-A87943DBD14F} = {C4BAE610-0841-4EE5-B57C-B78C5EC87F66}
	EndGlobalSection
	GlobalSection(ExtensibilityGlobals) = postSolution
		SolutionGuid = {6D9761EF-8605-483A-8B37-4273ABA7BB4F}
	EndGlobalSection
EndGlobal
